
Microsoft Visual Studio Solution File, Format Version 12.00
# Visual Studio 15
VisualStudioVersion = 15.0.28010.2046
MinimumVisualStudioVersion = 10.0.40219.1
Project("{FAE04EC0-301F-11D3-BF4B-00C04F79EFBC}") = "ECommerce", "ECommerce\ECommerce.csproj", "{0483214C-5D92-4CA3-8794-E2572290E0BA}"
EndProject
Global
	GlobalSection(SolutionConfigurationPlatforms) = preSolution
		Debug|Any CPU = Debug|Any CPU
		Release|Any CPU = Release|Any CPU
	EndGlobalSection
	GlobalSection(ProjectConfigurationPlatforms) = postSolution
		{0483214C-5D92-4CA3-8794-E2572290E0BA}.Debug|Any CPU.ActiveCfg = Debug|Any CPU
		{0483214C-5D92-4CA3-8794-E2572290E0BA}.Debug|Any CPU.Build.0 = Debug|Any CPU
		{0483214C-5D92-4CA3-8794-E2572290E0BA}.Release|Any CPU.ActiveCfg = Release|Any CPU
		{0483214C-5D92-4CA3-8794-E2572290E0BA}.Release|Any CPU.Build.0 = Release|Any CPU
	EndGlobalSection
	GlobalSection(SolutionProperties) = preSolution
		HideSolutionNode = FALSE
	EndGlobalSection
	GlobalSection(ExtensibilityGlobals) = postSolution
		SolutionGuid = {F984789C-A2E8-4176-9D1B-330DF2F6BFA3}
	EndGlobalSection
EndGlobal
